<Solution>
  <Folder Name="/src/">
    <Project Path="src/Carimbo.Api/Carimbo.Api.csproj" />
    <Project Path="src/Carimbo.Domain/Carimbo.Domain.csproj" />
    <Project Path="src/Carimbo.Extraction/Carimbo.Extraction.csproj" />
    <Project Path="src/Carimbo.Llm/Carimbo.Llm.csproj" />
  </Folder>
  <Folder Name="/tests/">
    <Project Path="tests/Carimbo.Api.Tests/Carimbo.Api.Tests.csproj" />
    <Project Path="tests/Carimbo.Domain.Tests/Carimbo.Domain.Tests.csproj" />
    <Project Path="tests/Carimbo.Extraction.Tests/Carimbo.Extraction.Tests.csproj" />
    <Project Path="tests/Carimbo.ScriptedHost/Carimbo.ScriptedHost.csproj" />
  </Folder>
  <Folder Name="/tools/">
    <Project Path="tools/SchemaExport/SchemaExport.csproj" />
  </Folder>
</Solution>
